// !$*UTF8*$!
{
	archiveVersion = 1;
	classes = {
	};
	objectVersion = 56;
	objects = {

/* Begin PBXBuildFile section */
		4EE4AF922A05932A009A96C6 /* MealRecipieApp.swift in Sources */ = {isa = PBXBuildFile; fileRef = 4EE4AF912A05932A009A96C6 /* MealRecipieApp.swift */; };
		4EE4AF942A05932A009A96C6 /* ContentView.swift in Sources */ = {isa = PBXBuildFile; fileRef = 4EE4AF932A05932A009A96C6 /* ContentView.swift */; };
		4EE4AF962A05932C009A96C6 /* Assets.xcassets in Resources */ = {isa = PBXBuildFile; fileRef = 4EE4AF952A05932C009A96C6 /* Assets.xcassets */; };
		4EE4AF992A05932C009A96C6 /* Preview Assets.xcassets in Resources */ = {isa = PBXBuildFile; fileRef = 4EE4AF982A05932C009A96C6 /* Preview Assets.xcassets */; };
		4EE4AFA02A059395009A96C6 /* APIRequests.swift in Sources */ = {isa = PBXBuildFile; fileRef = 4EE4AF9F2A059395009A96C6 /* APIRequests.swift */; };
		4EE4AFA22A059523009A96C6 /* Model.swift in Sources */ = {isa = PBXBuildFile; fileRef = 4EE4AFA12A059523009A96C6 /* Model.swift */; };
		4EE4AFA42A05AB0F009A96C6 /* MealRow.swift in Sources */ = {isa = PBXBuildFile; fileRef = 4EE4AFA32A05AB0F009A96C6 /* MealRow.swift */; };
		4EE4AFA62A05B45A009A96C6 /* RecipieDetailView.swift in Sources */ = {isa = PBXBuildFile; fileRef = 4EE4AFA52A05B45A009A96C6 /* RecipieDetailView.swift */; };
/* End PBXBuildFile section */

/* Begin PBXFileReference section */
		4EE4AF8E2A05932A009A96C6 /* MealRecipie.app */ = {isa = PBXFileReference; explicitFileType = wrapper.application; includeInIndex = 0; path = MealRecipie.app; sourceTree = BUILT_PRODUCTS_DIR; };
		4EE4AF912A05932A009A96C6 /* MealRecipieApp.swift */ = {isa = PBXFileReference; lastKnownFileType = sourcecode.swift; path = MealRecipieApp.swift; sourceTree = "<group>"; };
		4EE4AF932A05932A009A96C6 /* ContentView.swift */ = {isa = PBXFileReference; lastKnownFileType = sourcecode.swift; path = ContentView.swift; sourceTree = "<group>"; };
		4EE4AF952A05932C009A96C6 /* Assets.xcassets */ = {isa = PBXFileReference; lastKnownFileType = folder.assetcatalog; path = Assets.xcassets; sourceTree = "<group>"; };
		4EE4AF982A05932C009A96C6 /* Preview Assets.xcassets */ = {isa = PBXFileReference; lastKnownFileType = folder.assetcatalog; path = "Preview Assets.xcassets"; sourceTree = "<group>"; };
		4EE4AF9F2A059395009A96C6 /* APIRequests.swift */ = {isa = PBXFileReference; lastKnownFileType = sourcecode.swift; path = APIRequests.swift; sourceTree = "<group>"; };
		4EE4AFA12A059523009A96C6 /* Model.swift */ = {isa = PBXFileReference; lastKnownFileType = sourcecode.swift; path = Model.swift; sourceTree = "<group>"; };
		4EE4AFA32A05AB0F009A96C6 /* MealRow.swift */ = {isa = PBXFileReference; lastKnownFileType = sourcecode.swift; path = MealRow.swift; sourceTree = "<group>"; };
		4EE4AFA52A05B45A009A96C6 /* RecipieDetailView.swift */ = {isa = PBXFileReference; lastKnownFileType = sourcecode.swift; path = RecipieDetailView.swift; sourceTree = "<group>"; };
/* End PBXFileReference section */

/* Begin PBXFrameworksBuildPhase section */
		4EE4AF8B2A05932A009A96C6 /* Frameworks */ = {
			isa = PBXFrameworksBuildPhase;
			buildActionMask = 2147483647;
			files = (
			);
			runOnlyForDeploymentPostprocessing = 0;
		};
/* End PBXFrameworksBuildPhase section */

/* Begin PBXGroup section */
		4EE4AF852A05932A009A96C6 = {
			isa = PBXGroup;
			children = (
				4EE4AF902A05932A009A96C6 /* MealRecipie */,
				4EE4AF8F2A05932A009A96C6 /* Products */,
			);
			sourceTree = "<group>";
		};
		4EE4AF8F2A05932A009A96C6 /* Products */ = {
			isa = PBXGroup;
			children = (
				4EE4AF8E2A05932A009A96C6 /* MealRecipie.app */,
			);
			name = Products;
			sourceTree = "<group>";
		};
		4EE4AF902A05932A009A96C6 /* MealRecipie */ = {
			isa = PBXGroup;
			children = (
				4EE4AF912A05932A009A96C6 /* MealRecipieApp.swift */,
				4EE4AF932A05932A009A96C6 /* ContentView.swift */,
				4EE4AFA32A05AB0F009A96C6 /* MealRow.swift */,
				4EE4AFA52A05B45A009A96C6 /* RecipieDetailView.swift */,
				4EE4AF9F2A059395009A96C6 /* APIRequests.swift */,
				4EE4AFA12A059523009A96C6 /* Model.swift */,
				4EE4AF952A05932C009A96C6 /* Assets.xcassets */,
				4EE4AF972A05932C009A96C6 /* Preview Content */,
			);
			path = MealRecipie;
			sourceTree = "<group>";
		};
		4EE4AF972A05932C009A96C6 /* Preview Content */ = {
			isa = PBXGroup;
			children = (
				4EE4AF982A05932C009A96C6 /* Preview Assets.xcassets */,
			);
			path = "Preview Content";
			sourceTree = "<group>";
		};
/* End PBXGroup section */

/* Begin PBXNativeTarget section */
		4EE4AF8D2A05932A009A96C6 /* MealRecipie */ = {
			isa = PBXNativeTarget;
			buildConfigurationList = 4EE4AF9C2A05932C009A96C6 /* Build configuration list for PBXNativeTarget "MealRecipie" */;
			buildPhases = (
				4EE4AF8A2A05932A009A96C6 /* Sources */,
				4EE4AF8B2A05932A009A96C6 /* Frameworks */,
				4EE4AF8C2A05932A009A96C6 /* Resources */,
			);
			buildRules = (
			);
			dependencies = (
			);
			name = MealRecipie;
			productName = MealRecipie;
			productReference = 4EE4AF8E2A05932A009A96C6 /* MealRecipie.app */;
			productType = "com.apple.product-type.application";
		};
/* End PBXNativeTarget section */

/* Begin PBXProject section */
		4EE4AF862A05932A009A96C6 /* Project object */ = {
			isa = PBXProject;
			attributes = {
				BuildIndependentTargetsInParallel = 1;
				LastSwiftUpdateCheck = 1430;
				LastUpgradeCheck = 1430;
				TargetAttributes = {
					4EE4AF8D2A05932A009A96C6 = {
						CreatedOnToolsVersion = 14.3;
					};
				};
			};
			buildConfigurationList = 4EE4AF892A05932A009A96C6 /* Build configuration list for PBXProject "MealRecipie" */;
			compatibilityVersion = "Xcode 14.0";
			developmentRegion = en;
			hasScannedForEncodings = 0;
			knownRegions = (
				en,
				Base,
			);
			mainGroup = 4EE4AF852A05932A009A96C6;
			productRefGroup = 4EE4AF8F2A05932A009A96C6 /* Products */;
			projectDirPath = "";
			projectRoot = "";
			targets = (
				4EE4AF8D2A05932A009A96C6 /* MealRecipie */,
			);
		};
/* End PBXProject section */

/* Begin PBXResourcesBuildPhase section */
		4EE4AF8C2A05932A009A96C6 /* Resources */ = {
			isa = PBXResourcesBuildPhase;
			buildActionMask = 2147483647;
			files = (
				4EE4AF992A05932C009A96C6 /* Preview Assets.xcassets in Resources */,
				4EE4AF962A05932C009A96C6 /* Assets.xcassets in Resources */,
			);
			runOnlyForDeploymentPostprocessing = 0;
		};
/* End PBXResourcesBuildPhase section */

/* Begin PBXSourcesBuildPhase section */
		4EE4AF8A2A05932A009A96C6 /* Sources */ = {
			isa = PBXSourcesBuildPhase;
			buildActionMask = 2147483647;
			files = (
				4EE4AF942A05932A009A96C6 /* ContentView.swift in Sources */,
				4EE4AFA62A05B45A009A96C6 /* RecipieDetailView.swift in Sources */,
				4EE4AFA02A059395009A96C6 /* APIRequests.swift in Sources */,
				4EE4AF922A05932A009A96C6 /* MealRecipieApp.swift in Sources */,
				4EE4AFA42A05AB0F009A96C6 /* MealRow.swift in Sources */,
				4EE4AFA22A059523009A96C6 /* Model.swift in Sources */,
			);
			runOnlyForDeploymentPostprocessing = 0;
		};
/* End PBXSourcesBuildPhase section */

/* Begin XCBuildConfiguration section */
		4EE4AF9A2A05932C009A96C6 /* Debug */ = {
			isa = XCBuildConfiguration;
			buildSettings = {
				ALWAYS_SEARCH_USER_PATHS = NO;
				CLANG_ANALYZER_NONNULL = YES;
				CLANG_ANALYZER_NUMBER_OBJECT_CONVERSION = YES_AGGRESSIVE;
				CLANG_CXX_LANGUAGE_STANDARD = "gnu++20";
				CLANG_ENABLE_MODULES = YES;
				CLANG_ENABLE_OBJC_ARC = YES;
				CLANG_ENABLE_OBJC_WEAK = YES;
				CLANG_WARN_BLOCK_CAPTURE_AUTORELEASING = YES;
				CLANG_WARN_BOOL_CONVERSION = YES;
				CLANG_WARN_COMMA = YES;
				CLANG_WARN_CONSTANT_CONVERSION = YES;
				CLANG_WARN_DEPRECATED_OBJC_IMPLEMENTATIONS = YES;
				CLANG_WARN_DIRECT_OBJC_ISA_USAGE = YES_ERROR;
				CLANG_WARN_DOCUMENTATION_COMMENTS = YES;
				CLANG_WARN_EMPTY_BODY = YES;
				CLANG_WARN_ENUM_CONVERSION = YES;
				CLANG_WARN_INFINITE_RECURSION = YES;
				CLANG_WARN_INT_CONVERSION = YES;
				CLANG_WARN_NON_LITERAL_NULL_CONVERSION = YES;
				CLANG_WARN_OBJC_IMPLICIT_RETAIN_SELF = YES;
				CLANG_WARN_OBJC_LITERAL_CONVERSION = YES;
				CLANG_WARN_OBJC_ROOT_CLASS = YES_ERROR;
				CLANG_WARN_QUOTED_INCLUDE_IN_FRAMEWORK_HEADER = YES;
				CLANG_WARN_RANGE_LOOP_ANALYSIS = YES;
				CLANG_WARN_STRICT_PROTOTYPES = YES;
				CLANG_WARN_SUSPICIOUS_MOVE = YES;
				CLANG_WARN_UNGUARDED_AVAILABILITY = YES_AGGRESSIVE;
				CLANG_WARN_UNREACHABLE_CODE = YES;
				CLANG_WARN__DUPLICATE_METHOD_MATCH = YES;
				COPY_PHASE_STRIP = NO;
				DEBUG_INFORMATION_FORMAT = dwarf;
				ENABLE_STRICT_OBJC_MSGSEND = YES;
				ENABLE_TESTABILITY = YES;
				GCC_C_LANGUAGE_STANDARD = gnu11;
				GCC_DYNAMIC_NO_PIC = NO;
				GCC_NO_COMMON_BLOCKS = YES;
				GCC_OPTIMIZATION_LEVEL = 0;
				GCC_PREPROCESSOR_DEFINITIONS = (
					"DEBUG=1",
					"$(inherited)",
				);
				GCC_WARN_64_TO_32_BIT_CONVERSION = YES;
				GCC_WARN_ABOUT_RETURN_TYPE = YES_ERROR;
				GCC_WARN_UNDECLARED_SELECTOR = YES;
				GCC_WARN_UNINITIALIZED_AUTOS = YES_AGGRESSIVE;
				GCC_WARN_UNUSED_FUNCTION = YES;
				GCC_WARN_UNUSED_VARIABLE = YES;
				IPHONEOS_DEPLOYMENT_TARGET = 16.4;
				MTL_ENABLE_DEBUG_INFO = INCLUDE_SOURCE;
				MTL_FAST_MATH = YES;
				ONLY_ACTIVE_ARCH = YES;
				SDKROOT = iphoneos;
				SWIFT_ACTIVE_COMPILATION_CONDITIONS = DEBUG;
				SWIFT_OPTIMIZATION_LEVEL = "-Onone";
			};
			name = Debug;
		};
		4EE4AF9B2A05932C009A96C6 /* Release */ = {
			isa = XCBuildConfiguration;
			buildSettings = {
				ALWAYS_SEARCH_USER_PATHS = NO;
				CLANG_ANALYZER_NONNULL = YES;
				CLANG_ANALYZER_NUMBER_OBJECT_CONVERSION = YES_AGGRESSIVE;
				CLANG_CXX_LANGUAGE_STANDARD = "gnu++20";
				CLANG_ENABLE_MODULES = YES;
				CLANG_ENABLE_OBJC_ARC = YES;
				CLANG_ENABLE_OBJC_WEAK = YES;
				CLANG_WARN_BLOCK_CAPTURE_AUTORELEASING = YES;
				CLANG_WARN_BOOL_CONVERSION = YES;
				CLANG_WARN_COMMA = YES;
				CLANG_WARN_CONSTANT_CONVERSION = YES;
				CLANG_WARN_DEPRECATED_OBJC_IMPLEMENTATIONS = YES;
				CLANG_WARN_DIRECT_OBJC_ISA_USAGE = YES_ERROR;
				CLANG_WARN_DOCUMENTATION_COMMENTS = YES;
				CLANG_WARN_EMPTY_BODY = YES;
				CLANG_WARN_ENUM_CONVERSION = YES;
				CLANG_WARN_INFINITE_RECURSION = YES;
				CLANG_WARN_INT_CONVERSION = YES;
				CLANG_WARN_NON_LITERAL_NULL_CONVERSION = YES;
				CLANG_WARN_OBJC_IMPLICIT_RETAIN_SELF = YES;
				CLANG_WARN_OBJC_LITERAL_CONVERSION = YES;
				CLANG_WARN_OBJC_ROOT_CLASS = YES_ERROR;
				CLANG_WARN_QUOTED_INCLUDE_IN_FRAMEWORK_HEADER = YES;
				CLANG_WARN_RANGE_LOOP_ANALYSIS = YES;
				CLANG_WARN_STRICT_PROTOTYPES = YES;
				CLANG_WARN_SUSPICIOUS_MOVE = YES;
				CLANG_WARN_UNGUARDED_AVAILABILITY = YES_AGGRESSIVE;
				CLANG_WARN_UNREACHABLE_CODE = YES;
				CLANG_WARN__DUPLICATE_METHOD_MATCH = YES;
				COPY_PHASE_STRIP = NO;
				DEBUG_INFORMATION_FORMAT = "dwarf-with-dsym";
				ENABLE_NS_ASSERTIONS = NO;
				ENABLE_STRICT_OBJC_MSGSEND = YES;
				GCC_C_LANGUAGE_STANDARD = gnu11;
				GCC_NO_COMMON_BLOCKS = YES;
				GCC_WARN_64_TO_32_BIT_CONVERSION = YES;
				GCC_WARN_ABOUT_RETURN_TYPE = YES_ERROR;
				GCC_WARN_UNDECLARED_SELECTOR = YES;
				GCC_WARN_UNINITIALIZED_AUTOS = YES_AGGRESSIVE;
				GCC_WARN_UNUSED_FUNCTION = YES;
				GCC_WARN_UNUSED_VARIABLE = YES;
				IPHONEOS_DEPLOYMENT_TARGET = 16.4;
				MTL_ENABLE_DEBUG_INFO = NO;
				MTL_FAST_MATH = YES;
				SDKROOT = iphoneos;
				SWIFT_COMPILATION_MODE = wholemodule;
				SWIFT_OPTIMIZATION_LEVEL = "-O";
				VALIDATE_PRODUCT = YES;
			};
			name = Release;
		};
		4EE4AF9D2A05932C009A96C6 /* Debug */ = {
			isa = XCBuildConfiguration;
			buildSettings = {
				ASSETCATALOG_COMPILER_APPICON_NAME = AppIcon;
				ASSETCATALOG_COMPILER_GLOBAL_ACCENT_COLOR_NAME = AccentColor;
				CODE_SIGN_STYLE = Automatic;
				CURRENT_PROJECT_VERSION = 1;
				DEVELOPMENT_ASSET_PATHS = "\"MealRecipie/Preview Content\"";
				ENABLE_PREVIEWS = YES;
				GENERATE_INFOPLIST_FILE = YES;
				INFOPLIST_KEY_UIApplicationSceneManifest_Generation = YES;
				INFOPLIST_KEY_UIApplicationSupportsIndirectInputEvents = YES;
				INFOPLIST_KEY_UILaunchScreen_Generation = YES;
				INFOPLIST_KEY_UISupportedInterfaceOrientations_iPad = "UIInterfaceOrientationPortrait UIInterfaceOrientationPortraitUpsideDown UIInterfaceOrientationLandscapeLeft UIInterfaceOrientationLandscapeRight";
				INFOPLIST_KEY_UISupportedInterfaceOrientations_iPhone = "UIInterfaceOrientationPortrait UIInterfaceOrientationLandscapeLeft UIInterfaceOrientationLandscapeRight";
				LD_RUNPATH_SEARCH_PATHS = (
					"$(inherited)",
					"@executable_path/Frameworks",
				);
				MARKETING_VERSION = 1.0;
				PRODUCT_BUNDLE_IDENTIFIER = Saikiran.MealRecipie;
				PRODUCT_NAME = "$(TARGET_NAME)";
				SWIFT_EMIT_LOC_STRINGS = YES;
				SWIFT_VERSION = 5.0;
				TARGETED_DEVICE_FAMILY = "1,2";
			};
			name = Debug;
		};
		4EE4AF9E2A05932C009A96C6 /* Release */ = {
			isa = XCBuildConfiguration;
			buildSettings = {
				ASSETCATALOG_COMPILER_APPICON_NAME = AppIcon;
				ASSETCATALOG_COMPILER_GLOBAL_ACCENT_COLOR_NAME = AccentColor;
				CODE_SIGN_STYLE = Automatic;
				CURRENT_PROJECT_VERSION = 1;
				DEVELOPMENT_ASSET_PATHS = "\"MealRecipie/Preview Content\"";
				ENABLE_PREVIEWS = YES;
				GENERATE_INFOPLIST_FILE = YES;
				INFOPLIST_KEY_UIApplicationSceneManifest_Generation = YES;
				INFOPLIST_KEY_UIApplicationSupportsIndirectInputEvents = YES;
				INFOPLIST_KEY_UILaunchScreen_Generation = YES;
				INFOPLIST_KEY_UISupportedInterfaceOrientations_iPad = "UIInterfaceOrientationPortrait UIInterfaceOrientationPortraitUpsideDown UIInterfaceOrientationLandscapeLeft UIInterfaceOrientationLandscapeRight";
				INFOPLIST_KEY_UISupportedInterfaceOrientations_iPhone = "UIInterfaceOrientationPortrait UIInterfaceOrientationLandscapeLeft UIInterfaceOrientationLandscapeRight";
				LD_RUNPATH_SEARCH_PATHS = (
					"$(inherited)",
					"@executable_path/Frameworks",
				);
				MARKETING_VERSION = 1.0;
				PRODUCT_BUNDLE_IDENTIFIER = Saikiran.MealRecipie;
				PRODUCT_NAME = "$(TARGET_NAME)";
				SWIFT_EMIT_LOC_STRINGS = YES;
				SWIFT_VERSION = 5.0;
				TARGETED_DEVICE_FAMILY = "1,2";
			};
			name = Release;
		};
/* End XCBuildConfiguration section */

/* Begin XCConfigurationList section */
		4EE4AF892A05932A009A96C6 /* Build configuration list for PBXProject "MealRecipie" */ = {
			isa = XCConfigurationList;
			buildConfigurations = (
				4EE4AF9A2A05932C009A96C6 /* Debug */,
				4EE4AF9B2A05932C009A96C6 /* Release */,
			);
			defaultConfigurationIsVisible = 0;
			defaultConfigurationName = Release;
		};
		4EE4AF9C2A05932C009A96C6 /* Build configuration list for PBXNativeTarget "MealRecipie" */ = {
			isa = XCConfigurationList;
			buildConfigurations = (
				4EE4AF9D2A05932C009A96C6 /* Debug */,
				4EE4AF9E2A05932C009A96C6 /* Release */,
			);
			defaultConfigurationIsVisible = 0;
			defaultConfigurationName = Release;
		};
/* End XCConfigurationList section */
	};
	rootObject = 4EE4AF862A05932A009A96C6 /* Project object */;
}
